
Microsoft Visual Studio Solution File, Format Version 12.00
# Visual Studio Version 16
VisualStudioVersion = 16.0.31129.286
MinimumVisualStudioVersion = 10.0.40219.1
Project("{9A19103F-16F7-4668-BE54-9A1E7A4F7556}") = "BilgeKitap.Data", "BilgeKitap.Data\BilgeKitap.Data.csproj", "{A7E3CD9F-3AEC-4475-952D-9EB9360048B4}"
EndProject
Project("{9A19103F-16F7-4668-BE54-9A1E7A4F7556}") = "BilgeKitap.Business", "BilgeKitap.Business\BilgeKitap.Business.csproj", "{9ACE885F-1841-4687-B129-E37EA01888AE}"
EndProject
Project("{9A19103F-16F7-4668-BE54-9A1E7A4F7556}") = "BilgeKitap.Entity", "BilgeKitap.Entity\BilgeKitap.Entity.csproj", "{04170CBE-7C1E-4ED7-AE44-DC78B4BC3849}"
EndProject
Project("{9A19103F-16F7-4668-BE54-9A1E7A4F7556}") = "BilgeKitap.Core", "BilgeKitap.Core\BilgeKitap.Core.csproj", "{63EC214D-BD5F-4E5F-AD3E-5791B09F4CE1}"
EndProject
Project("{9A19103F-16F7-4668-BE54-9A1E7A4F7556}") = "BilgeKitap.WebAPI", "BilgeKitap.WebAPI\BilgeKitap.WebAPI.csproj", "{FE56FCC9-6D8A-45C0-AFB4-6A6B6D104A63}"
EndProject
Global
	GlobalSection(SolutionConfigurationPlatforms) = preSolution
		Debug|Any CPU = Debug|Any CPU
		Release|Any CPU = Release|Any CPU
	EndGlobalSection
	GlobalSection(ProjectConfigurationPlatforms) = postSolution
		{A7E3CD9F-3AEC-4475-952D-9EB9360048B4}.Debug|Any CPU.ActiveCfg = Debug|Any CPU
		{A7E3CD9F-3AEC-4475-952D-9EB9360048B4}.Debug|Any CPU.Build.0 = Debug|Any CPU
		{A7E3CD9F-3AEC-4475-952D-9EB9360048B4}.Release|Any CPU.ActiveCfg = Release|Any CPU
		{A7E3CD9F-3AEC-4475-952D-9EB9360048B4}.Release|Any CPU.Build.0 = Release|Any CPU
		{9ACE885F-1841-4687-B129-E37EA01888AE}.Debug|Any CPU.ActiveCfg = Debug|Any CPU
		{9ACE885F-1841-4687-B129-E37EA01888AE}.Debug|Any CPU.Build.0 = Debug|Any CPU
		{9ACE885F-1841-4687-B129-E37EA01888AE}.Release|Any CPU.ActiveCfg = Release|Any CPU
		{9ACE885F-1841-4687-B129-E37EA01888AE}.Release|Any CPU.Build.0 = Release|Any CPU
		{04170CBE-7C1E-4ED7-AE44-DC78B4BC3849}.Debug|Any CPU.ActiveCfg = Debug|Any CPU
		{04170CBE-7C1E-4ED7-AE44-DC78B4BC3849}.Debug|Any CPU.Build.0 = Debug|Any CPU
		{04170CBE-7C1E-4ED7-AE44-DC78B4BC3849}.Release|Any CPU.ActiveCfg = Release|Any CPU
		{04170CBE-7C1E-4ED7-AE44-DC78B4BC3849}.Release|Any CPU.Build.0 = Release|Any CPU
		{63EC214D-BD5F-4E5F-AD3E-5791B09F4CE1}.Debug|Any CPU.ActiveCfg = Debug|Any CPU
		{63EC214D-BD5F-4E5F-AD3E-5791B09F4CE1}.Debug|Any CPU.Build.0 = Debug|Any CPU
		{63EC214D-BD5F-4E5F-AD3E-5791B09F4CE1}.Release|Any CPU.ActiveCfg = Release|Any CPU
		{63EC214D-BD5F-4E5F-AD3E-5791B09F4CE1}.Release|Any CPU.Build.0 = Release|Any CPU
		{FE56FCC9-6D8A-45C0-AFB4-6A6B6D104A63}.Debug|Any CPU.ActiveCfg = Debug|Any CPU
		{FE56FCC9-6D8A-45C0-AFB4-6A6B6D104A63}.Debug|Any CPU.Build.0 = Debug|Any CPU
		{FE56FCC9-6D8A-45C0-AFB4-6A6B6D104A63}.Release|Any CPU.ActiveCfg = Release|Any CPU
		{FE56FCC9-6D8A-45C0-AFB4-6A6B6D104A63}.Release|Any CPU.Build.0 = Release|Any CPU
	EndGlobalSection
	GlobalSection(SolutionProperties) = preSolution
		HideSolutionNode = FALSE
	EndGlobalSection
	GlobalSection(ExtensibilityGlobals) = postSolution
		SolutionGuid = {FCD147AB-01B3-40F5-94D6-D470EA1847A6}
	EndGlobalSection
EndGlobal
